{
  "name": "5.7",
  "lockfileVersion": 3,
  "requires": true,
  "packages": {
    "": {
      "dependencies": {
        "types-registry": "^0.1.709"
      },
      "devDependencies": {
        "@types/balanced-match": "^3.0.2",
        "@types/body-parser": "^1.19.5",
        "@types/brace-expansion": "^1.1.2",
        "@types/braces": "^3.0.5",
        "@types/concat-map": "^0.0.3",
        "@types/debug": "^4.1.12",
        "@types/express": "^5.0.0",
        "@types/fill-range": "^7.0.3",
        "@types/glob-parent": "^5.1.3",
        "@types/ignore-by-default": "^0.0.0",
        "@types/is-extglob": "^2.1.0",
        "@types/is-glob": "^4.0.4",
        "@types/is-number": "^7.0.5",
        "@types/merge-descriptors": "^1.0.3",
        "@types/ms": "^2.1.0",
        "@types/node": "^22.13.5",
        "@types/normalize-path": "^3.0.2",
        "@types/picomatch": "^3.0.2",
        "@types/semver": "^7.5.8",
        "@types/serve-static": "^1.15.7",
        "@types/to-regex-range": "^5.0.3",
        "@types/touch": "^3.1.5"
      }
    },
    "node_modules/@types/balanced-match": {
      "version": "3.0.2",
      "resolved": "https://registry.npmjs.org/@types/balanced-match/-/balanced-match-3.0.2.tgz",
      "integrity": "sha512-It1j6doJHkoGoxfOj3c7sHVHQXYMHo3c0kpcnPhEO4KfitNE5SqiSGKV0Hx5/cwyYKJfEhin0tZYBmqpjEcavw==",
      "dev": true,
      "license": "MIT"
    },
    "node_modules/@types/body-parser": {
      "version": "1.19.5",
      "resolved": "https://registry.npmjs.org/@types/body-parser/-/body-parser-1.19.5.tgz",
      "integrity": "sha512-fB3Zu92ucau0iQ0JMCFQE7b/dv8Ot07NI3KaZIkIUNXq82k4eBAqUaneXfleGY9JWskeS9y+u0nXMyspcuQrCg==",
      "dev": true,
      "dependencies": {
        "@types/connect": "*",
        "@types/node": "*"
      }
    },
    "node_modules/@types/brace-expansion": {
      "version": "1.1.2",
      "resolved": "https://registry.npmjs.org/@types/brace-expansion/-/brace-expansion-1.1.2.tgz",
      "integrity": "sha512-+YDjlWHMm/zoiQSKhEhL/0HdfYxCVuGlP5tQLm5hoHtxGPAMqyHjGpLqm58YDw7vG+RafAahp7HKXeNIwBP3kQ==",
      "dev": true,
      "license": "MIT"
    },
    "node_modules/@types/braces": {
      "version": "3.0.5",
      "resolved": "https://registry.npmjs.org/@types/braces/-/braces-3.0.5.tgz",
      "integrity": "sha512-SQFof9H+LXeWNz8wDe7oN5zu7ket0qwMu5vZubW4GCJ8Kkeh6nBWUz87+KTz/G3Kqsrp0j/W253XJb3KMEeg3w==",
      "dev": true,
      "license": "MIT"
    },
    "node_modules/@types/concat-map": {
      "version": "0.0.3",
      "resolved": "https://registry.npmjs.org/@types/concat-map/-/concat-map-0.0.3.tgz",
      "integrity": "sha512-Y6PwfYcvXKbLCQ5sYw2XWg4hwLe9BMU37/yyTqpY4pZwTDQKhlx1DSwZ0JmGM/kuR1LQFq+3YJIrEbXsuNyoyA==",
      "dev": true,
      "license": "MIT"
    },
    "node_modules/@types/connect": {
      "version": "3.4.38",
      "resolved": "https://registry.npmjs.org/@types/connect/-/connect-3.4.38.tgz",
      "integrity": "sha512-K6uROf1LD88uDQqJCktA4yzL1YYAK6NgfsI0v/mTgyPKWsX1CnJ0XPSDhViejru1GcRkLWb8RlzFYJRqGUbaug==",
      "dev": true,
      "dependencies": {
        "@types/node": "*"
      }
    },
    "node_modules/@types/debug": {
      "version": "4.1.12",
      "resolved": "https://registry.npmjs.org/@types/debug/-/debug-4.1.12.tgz",
      "integrity": "sha512-vIChWdVG3LG1SMxEvI/AK+FWJthlrqlTu7fbrlywTkkaONwk/UAGaULXRlf8vkzFBLVm0zkMdCquhL5aOjhXPQ==",
      "dev": true,
      "license": "MIT",
      "dependencies": {
        "@types/ms": "*"
      }
    },
    "node_modules/@types/express": {
      "version": "5.0.0",
      "resolved": "https://registry.npmjs.org/@types/express/-/express-5.0.0.tgz",
      "integrity": "sha512-DvZriSMehGHL1ZNLzi6MidnsDhUZM/x2pRdDIKdwbUNqqwHxMlRdkxtn6/EPKyqKpHqTl/4nRZsRNLpZxZRpPQ==",
      "dev": true,
      "license": "MIT",
      "dependencies": {
        "@types/body-parser": "*",
        "@types/express-serve-static-core": "^5.0.0",
        "@types/qs": "*",
        "@types/serve-static": "*"
      }
    },
    "node_modules/@types/express-serve-static-core": {
      "version": "5.0.6",
      "resolved": "https://registry.npmjs.org/@types/express-serve-static-core/-/express-serve-static-core-5.0.6.tgz",
      "integrity": "sha512-3xhRnjJPkULekpSzgtoNYYcTWgEZkp4myc+Saevii5JPnHNvHMRlBSHDbs7Bh1iPPoVTERHEZXyhyLbMEsExsA==",
      "dev": true,
      "dependencies": {
        "@types/node": "*",
        "@types/qs": "*",
        "@types/range-parser": "*",
        "@types/send": "*"
      }
    },
    "node_modules/@types/fill-range": {
      "version": "7.0.3",
      "resolved": "https://registry.npmjs.org/@types/fill-range/-/fill-range-7.0.3.tgz",
      "integrity": "sha512-+3eCAyhZE3VYLBLGn0w8JKrYymgbYQe7mvDv8tU2AolTJ53iesqZoF92SQJB0ldFpAt4JU+KQk+l4N9dn1Nqpg==",
      "dev": true,
      "license": "MIT"
    },
    "node_modules/@types/glob-parent": {
      "version": "5.1.3",
      "resolved": "https://registry.npmjs.org/@types/glob-parent/-/glob-parent-5.1.3.tgz",
      "integrity": "sha512-p+NciRH8TRvrgISOCQ55CP+lktMmDpOXsp4spULIIz0L4aJ6G9zFX+N0UZ2xulmJRgaQLRxXIp4xHdL6YOQjDg==",
      "dev": true,
      "license": "MIT"
    },
    "node_modules/@types/http-errors": {
      "version": "2.0.4",
      "resolved": "https://registry.npmjs.org/@types/http-errors/-/http-errors-2.0.4.tgz",
      "integrity": "sha512-D0CFMMtydbJAegzOyHjtiKPLlvnm3iTZyZRSZoLq2mRhDdmLfIWOCYPfQJ4cu2erKghU++QvjcUjp/5h7hESpA==",
      "dev": true
    },
    "node_modules/@types/ignore-by-default": {
      "version": "0.0.0",
      "resolved": "https://registry.npmjs.org/@types/ignore-by-default/-/ignore-by-default-0.0.0.tgz",
      "integrity": "sha512-Gnxu9rDk5+3IqpNZwb0FLl/hC/PdxHXibkwQrPKee5PFQtxQRNFzwal59mA69alzwZ3JZWMWxjtVg1hL8HsMoQ==",
      "dev": true,
      "license": "MIT"
    },
    "node_modules/@types/is-extglob": {
      "version": "2.1.0",
      "resolved": "https://registry.npmjs.org/@types/is-extglob/-/is-extglob-2.1.0.tgz",
      "integrity": "sha512-6D2Mkw50u/1f5KX8/iYmWPr07ORmYba0vY583B5iFm3nvR/06EaLUzhk9sHkqdm6vvrgZYCIkiKpO57u3JLrag==",
      "dev": true,
      "license": "MIT"
    },
    "node_modules/@types/is-glob": {
      "version": "4.0.4",
      "resolved": "https://registry.npmjs.org/@types/is-glob/-/is-glob-4.0.4.tgz",
      "integrity": "sha512-3mFBtIPQ0TQetKRDe94g8YrxJZxdMillMGegyv6zRBXvq4peRRhf2wLZ/Dl53emtTsC29dQQBwYvovS20yXpiQ==",
      "dev": true,
      "license": "MIT"
    },
    "node_modules/@types/is-number": {
      "version": "7.0.5",
      "resolved": "https://registry.npmjs.org/@types/is-number/-/is-number-7.0.5.tgz",
      "integrity": "sha512-NGmRpXeZg9qDX+AlmBeq4Xk9ruTMj0KfzspDCxTLAcpbts2EjojAvY6A1eumKHInMwGY4xHM8ILA9CHRHfUUWA==",
      "dev": true,
      "license": "MIT"
    },
    "node_modules/@types/merge-descriptors": {
      "version": "1.0.3",
      "resolved": "https://registry.npmjs.org/@types/merge-descriptors/-/merge-descriptors-1.0.3.tgz",
      "integrity": "sha512-ZhU/HNM9R75TO8PBn0+zDi7tbYEygeraTjDHAkGpgFFKKEj/Al4RysG+oWyrRusPRDUvctaK+SYrw1m2SdLNNQ==",
      "dev": true
    },
    "node_modules/@types/mime": {
      "version": "1.3.5",
      "resolved": "https://registry.npmjs.org/@types/mime/-/mime-1.3.5.tgz",
      "integrity": "sha512-/pyBZWSLD2n0dcHE3hq8s8ZvcETHtEuF+3E7XVt0Ig2nvsVQXdghHVcEkIWjy9A0wKfTn97a/PSDYohKIlnP/w==",
      "dev": true
    },
    "node_modules/@types/ms": {
      "version": "2.1.0",
      "resolved": "https://registry.npmjs.org/@types/ms/-/ms-2.1.0.tgz",
      "integrity": "sha512-GsCCIZDE/p3i96vtEqx+7dBUGXrc7zeSK3wwPHIaRThS+9OhWIXRqzs4d6k1SVU8g91DrNRWxWUGhp5KXQb2VA==",
      "dev": true,
      "license": "MIT"
    },
    "node_modules/@types/node": {
      "version": "22.13.5",
      "resolved": "https://registry.npmjs.org/@types/node/-/node-22.13.5.tgz",
      "integrity": "sha512-+lTU0PxZXn0Dr1NBtC7Y8cR21AJr87dLLU953CWA6pMxxv/UDc7jYAY90upcrie1nRcD6XNG5HOYEDtgW5TxAg==",
      "dev": true,
      "dependencies": {
        "undici-types": "~6.20.0"
      }
    },
    "node_modules/@types/normalize-path": {
      "version": "3.0.2",
      "resolved": "https://registry.npmjs.org/@types/normalize-path/-/normalize-path-3.0.2.tgz",
      "integrity": "sha512-DO++toKYPaFn0Z8hQ7Tx+3iT9t77IJo/nDiqTXilgEP+kPNIYdpS9kh3fXuc53ugqwp9pxC1PVjCpV1tQDyqMA==",
      "dev": true,
      "license": "MIT"
    },
    "node_modules/@types/picomatch": {
      "version": "3.0.2",
      "resolved": "https://registry.npmjs.org/@types/picomatch/-/picomatch-3.0.2.tgz",
      "integrity": "sha512-n0i8TD3UDB7paoMMxA3Y65vUncFJXjcUf7lQY7YyKGl6031FNjfsLs6pdLFCy2GNFxItPJG8GvvpbZc2skH7WA==",
      "dev": true,
      "license": "MIT"
    },
    "node_modules/@types/qs": {
      "version": "6.9.18",
      "resolved": "https://registry.npmjs.org/@types/qs/-/qs-6.9.18.tgz",
      "integrity": "sha512-kK7dgTYDyGqS+e2Q4aK9X3D7q234CIZ1Bv0q/7Z5IwRDoADNU81xXJK/YVyLbLTZCoIwUoDoffFeF+p/eIklAA==",
      "dev": true
    },
    "node_modules/@types/range-parser": {
      "version": "1.2.7",
      "resolved": "https://registry.npmjs.org/@types/range-parser/-/range-parser-1.2.7.tgz",
      "integrity": "sha512-hKormJbkJqzQGhziax5PItDUTMAM9uE2XXQmM37dyd4hVM+5aVl7oVxMVUiVQn2oCQFN/LKCZdvSM0pFRqbSmQ==",
      "dev": true
    },
    "node_modules/@types/semver": {
      "version": "7.5.8",
      "resolved": "https://registry.npmjs.org/@types/semver/-/semver-7.5.8.tgz",
      "integrity": "sha512-I8EUhyrgfLrcTkzV3TSsGyl1tSuPrEDzr0yd5m90UgNxQkyDXULk3b6MlQqTCpZpNtWe1K0hzclnZkTcLBe2UQ==",
      "dev": true,
      "license": "MIT"
    },
    "node_modules/@types/send": {
      "version": "0.17.4",
      "resolved": "https://registry.npmjs.org/@types/send/-/send-0.17.4.tgz",
      "integrity": "sha512-x2EM6TJOybec7c52BX0ZspPodMsQUd5L6PRwOunVyVUhXiBSKf3AezDL8Dgvgt5o0UfKNfuA0eMLr2wLT4AiBA==",
      "dev": true,
      "dependencies": {
        "@types/mime": "^1",
        "@types/node": "*"
      }
    },
    "node_modules/@types/serve-static": {
      "version": "1.15.7",
      "resolved": "https://registry.npmjs.org/@types/serve-static/-/serve-static-1.15.7.tgz",
      "integrity": "sha512-W8Ym+h8nhuRwaKPaDw34QUkwsGi6Rc4yYqvKFo5rm2FUEhCFbzVWrxXUxuKK8TASjWsysJY0nsmNCGhCOIsrOw==",
      "dev": true,
      "dependencies": {
        "@types/http-errors": "*",
        "@types/node": "*",
        "@types/send": "*"
      }
    },
    "node_modules/@types/to-regex-range": {
      "version": "5.0.3",
      "resolved": "https://registry.npmjs.org/@types/to-regex-range/-/to-regex-range-5.0.3.tgz",
      "integrity": "sha512-lz+GXld5liSpC4yYA9AMNCVGZcbigaCU62vxWS8UvVJHD0a7yUaw0qWRHB3Ikq4o0p+W/KRd5uRAEgxW4FUdsA==",
      "dev": true,
      "license": "MIT"
    },
    "node_modules/@types/touch": {
      "version": "3.1.5",
      "resolved": "https://registry.npmjs.org/@types/touch/-/touch-3.1.5.tgz",
      "integrity": "sha512-tnu5L7yEvstLAJCjEQRYTtFIqMgJ4fvlDlgJwemY0V6UbeJ8NQCUuj85tPcCm54q/hAlLXFStIEClNlp8mSlMA==",
      "dev": true,
      "license": "MIT",
      "dependencies": {
        "@types/node": "*"
      }
    },
    "node_modules/types-registry": {
      "version": "0.1.709",
      "resolved": "https://registry.npmjs.org/types-registry/-/types-registry-0.1.709.tgz",
      "integrity": "sha512-TH+aHR5yuSMMMb00W0GzvxGLXc1zXy0QTs0XoFcGSHTX6tleRc1Q7ua5i+3nKPAJrwiTGjYxhu3nTkY/J+64eQ==",
      "license": "MIT"
    },
    "node_modules/undici-types": {
      "version": "6.20.0",
      "resolved": "https://registry.npmjs.org/undici-types/-/undici-types-6.20.0.tgz",
      "integrity": "sha512-Ny6QZ2Nju20vw1SRHe3d9jVu6gJ+4e3+MMpqu7pqE5HT6WsTSlce++GQmK5UXS8mzV8DSYHrQH+Xrf2jVcuKNg==",
      "dev": true
    }
  }
}
